// !$*UTF8*$!
{
	archiveVersion = 1;
	classes = {
	};
	objectVersion = 46;
	objects = {

/* Begin PBXBuildFile section */
		F303B7391F9FD08800DF6B42 /* Courses.swift in Sources */ = {isa = PBXBuildFile; fileRef = F303B7381F9FD08800DF6B42 /* Courses.swift */; };
		F303B73B1F9FD4DC00DF6B42 /* CourseCell.swift in Sources */ = {isa = PBXBuildFile; fileRef = F303B73A1F9FD4DC00DF6B42 /* CourseCell.swift */; };
		F303B7411FA53DB600DF6B42 /* ViewThree.swift in Sources */ = {isa = PBXBuildFile; fileRef = F303B7401FA53DB600DF6B42 /* ViewThree.swift */; };
		F327B2511F97FE74003E2956 /* ViewTwo.swift in Sources */ = {isa = PBXBuildFile; fileRef = F327B2501F97FE74003E2956 /* ViewTwo.swift */; };
		F3DDB1D01FD6431400369DCE /* Assignments.swift in Sources */ = {isa = PBXBuildFile; fileRef = F3DDB1CF1FD6431400369DCE /* Assignments.swift */; };
		F3DDB1D21FD6437B00369DCE /* AssignmentCell.swift in Sources */ = {isa = PBXBuildFile; fileRef = F3DDB1D11FD6437B00369DCE /* AssignmentCell.swift */; };
		F3E7F96B1F8143E900F6C7B6 /* AppDelegate.swift in Sources */ = {isa = PBXBuildFile; fileRef = F3E7F96A1F8143E900F6C7B6 /* AppDelegate.swift */; };
		F3E7F96D1F8143E900F6C7B6 /* ViewController.swift in Sources */ = {isa = PBXBuildFile; fileRef = F3E7F96C1F8143E900F6C7B6 /* ViewController.swift */; };
		F3E7F9701F8143E900F6C7B6 /* Main.storyboard in Resources */ = {isa = PBXBuildFile; fileRef = F3E7F96E1F8143E900F6C7B6 /* Main.storyboard */; };
		F3E7F9721F8143E900F6C7B6 /* Assets.xcassets in Resources */ = {isa = PBXBuildFile; fileRef = F3E7F9711F8143E900F6C7B6 /* Assets.xcassets */; };
		F3E7F9751F8143E900F6C7B6 /* LaunchScreen.storyboard in Resources */ = {isa = PBXBuildFile; fileRef = F3E7F9731F8143E900F6C7B6 /* LaunchScreen.storyboard */; };
/* End PBXBuildFile section */

/* Begin PBXFileReference section */
		E6FADE0AFBEAA06531F53471 /* Pods-CourseTracker.release.xcconfig */ = {isa = PBXFileReference; includeInIndex = 1; lastKnownFileType = text.xcconfig; name = "Pods-CourseTracker.release.xcconfig"; path = "Pods/Target Support Files/Pods-CourseTracker/Pods-CourseTracker.release.xcconfig"; sourceTree = "<group>"; };
		EEEFF0711A0F59352E728B8C /* Pods-CourseTracker.debug.xcconfig */ = {isa = PBXFileReference; includeInIndex = 1; lastKnownFileType = text.xcconfig; name = "Pods-CourseTracker.debug.xcconfig"; path = "Pods/Target Support Files/Pods-CourseTracker/Pods-CourseTracker.debug.xcconfig"; sourceTree = "<group>"; };
		F303B7381F9FD08800DF6B42 /* Courses.swift */ = {isa = PBXFileReference; fileEncoding = 4; lastKnownFileType = sourcecode.swift; path = Courses.swift; sourceTree = "<group>"; };
		F303B73A1F9FD4DC00DF6B42 /* CourseCell.swift */ = {isa = PBXFileReference; fileEncoding = 4; lastKnownFileType = sourcecode.swift; path = CourseCell.swift; sourceTree = "<group>"; };
		F303B7401FA53DB600DF6B42 /* ViewThree.swift */ = {isa = PBXFileReference; fileEncoding = 4; lastKnownFileType = sourcecode.swift; path = ViewThree.swift; sourceTree = "<group>"; };
		F327B2501F97FE74003E2956 /* ViewTwo.swift */ = {isa = PBXFileReference; fileEncoding = 4; lastKnownFileType = sourcecode.swift; path = ViewTwo.swift; sourceTree = "<group>"; };
		F3DDB1CF1FD6431400369DCE /* Assignments.swift */ = {isa = PBXFileReference; fileEncoding = 4; lastKnownFileType = sourcecode.swift; path = Assignments.swift; sourceTree = "<group>"; };
		F3DDB1D11FD6437B00369DCE /* AssignmentCell.swift */ = {isa = PBXFileReference; fileEncoding = 4; lastKnownFileType = sourcecode.swift; name = AssignmentCell.swift; path = Assets.xcassets/AssignmentCell.swift; sourceTree = "<group>"; };
		F3E7F9671F8143E900F6C7B6 /* CourseTracker.app */ = {isa = PBXFileReference; explicitFileType = wrapper.application; includeInIndex = 0; path = CourseTracker.app; sourceTree = BUILT_PRODUCTS_DIR; };
		F3E7F96A1F8143E900F6C7B6 /* AppDelegate.swift */ = {isa = PBXFileReference; lastKnownFileType = sourcecode.swift; path = AppDelegate.swift; sourceTree = "<group>"; };
		F3E7F96C1F8143E900F6C7B6 /* ViewController.swift */ = {isa = PBXFileReference; lastKnownFileType = sourcecode.swift; path = ViewController.swift; sourceTree = "<group>"; };
		F3E7F96F1F8143E900F6C7B6 /* Base */ = {isa = PBXFileReference; lastKnownFileType = file.storyboard; name = Base; path = Base.lproj/Main.storyboard; sourceTree = "<group>"; };
		F3E7F9711F8143E900F6C7B6 /* Assets.xcassets */ = {isa = PBXFileReference; lastKnownFileType = folder.assetcatalog; path = Assets.xcassets; sourceTree = "<group>"; };
		F3E7F9741F8143E900F6C7B6 /* Base */ = {isa = PBXFileReference; lastKnownFileType = file.storyboard; name = Base; path = Base.lproj/LaunchScreen.storyboard; sourceTree = "<group>"; };
		F3E7F9761F8143E900F6C7B6 /* Info.plist */ = {isa = PBXFileReference; lastKnownFileType = text.plist.xml; path = Info.plist; sourceTree = "<group>"; };
		F4F8220828D436B44DADF4EF /* Pods_CourseTracker.framework */ = {isa = PBXFileReference; explicitFileType = wrapper.framework; includeInIndex = 0; path = Pods_CourseTracker.framework; sourceTree = BUILT_PRODUCTS_DIR; };
/* End PBXFileReference section */

/* Begin PBXFrameworksBuildPhase section */
		F3E7F9641F8143E900F6C7B6 /* Frameworks */ = {
			isa = PBXFrameworksBuildPhase;
			buildActionMask = 2147483647;
			files = (
			);
			runOnlyForDeploymentPostprocessing = 0;
		};
/* End PBXFrameworksBuildPhase section */

/* Begin PBXGroup section */
		2072AA86D64E0DD14FC57E31 /* Pods */ = {
			isa = PBXGroup;
			children = (
				EEEFF0711A0F59352E728B8C /* Pods-CourseTracker.debug.xcconfig */,
				E6FADE0AFBEAA06531F53471 /* Pods-CourseTracker.release.xcconfig */,
			);
			name = Pods;
			sourceTree = "<group>";
		};
		7913D52477F05A6CDB79B038 /* Frameworks */ = {
			isa = PBXGroup;
			children = (
				F4F8220828D436B44DADF4EF /* Pods_CourseTracker.framework */,
			);
			name = Frameworks;
			sourceTree = "<group>";
		};
		F3E7F95E1F8143E900F6C7B6 = {
			isa = PBXGroup;
			children = (
				F3E7F9691F8143E900F6C7B6 /* CourseTracker */,
				F3E7F9681F8143E900F6C7B6 /* Products */,
				2072AA86D64E0DD14FC57E31 /* Pods */,
				7913D52477F05A6CDB79B038 /* Frameworks */,
			);
			sourceTree = "<group>";
		};
		F3E7F9681F8143E900F6C7B6 /* Products */ = {
			isa = PBXGroup;
			children = (
				F3E7F9671F8143E900F6C7B6 /* CourseTracker.app */,
			);
			name = Products;
			sourceTree = "<group>";
		};
		F3E7F9691F8143E900F6C7B6 /* CourseTracker */ = {
			isa = PBXGroup;
			children = (
				F3E7F96A1F8143E900F6C7B6 /* AppDelegate.swift */,
				F3E7F96C1F8143E900F6C7B6 /* ViewController.swift */,
				F327B2501F97FE74003E2956 /* ViewTwo.swift */,
				F3E7F96E1F8143E900F6C7B6 /* Main.storyboard */,
				F3E7F9711F8143E900F6C7B6 /* Assets.xcassets */,
				F3E7F9731F8143E900F6C7B6 /* LaunchScreen.storyboard */,
				F3E7F9761F8143E900F6C7B6 /* Info.plist */,
				F303B7381F9FD08800DF6B42 /* Courses.swift */,
				F303B73A1F9FD4DC00DF6B42 /* CourseCell.swift */,
				F303B7401FA53DB600DF6B42 /* ViewThree.swift */,
				F3DDB1CF1FD6431400369DCE /* Assignments.swift */,
				F3DDB1D11FD6437B00369DCE /* AssignmentCell.swift */,
			);
			path = CourseTracker;
			sourceTree = "<group>";
		};
/* End PBXGroup section */

/* Begin PBXNativeTarget section */
		F3E7F9661F8143E900F6C7B6 /* CourseTracker */ = {
			isa = PBXNativeTarget;
			buildConfigurationList = F3E7F9791F8143E900F6C7B6 /* Build configuration list for PBXNativeTarget "CourseTracker" */;
			buildPhases = (
				2DFDAA8B4E814AB237FF2E22 /* [CP] Check Pods Manifest.lock */,
				F3E7F9631F8143E900F6C7B6 /* Sources */,
				F3E7F9641F8143E900F6C7B6 /* Frameworks */,
				F3E7F9651F8143E900F6C7B6 /* Resources */,
				80070C4B89A049983F085B54 /* [CP] Embed Pods Frameworks */,
				77DD3D3CD190939EDD786E4F /* [CP] Copy Pods Resources */,
			);
			buildRules = (
			);
			dependencies = (
			);
			name = CourseTracker;
			productName = CourseTracker;
			productReference = F3E7F9671F8143E900F6C7B6 /* CourseTracker.app */;
			productType = "com.apple.product-type.application";
		};
/* End PBXNativeTarget section */

/* Begin PBXProject section */
		F3E7F95F1F8143E900F6C7B6 /* Project object */ = {
			isa = PBXProject;
			attributes = {
				LastSwiftUpdateCheck = 0820;
				LastUpgradeCheck = 0820;
				ORGANIZATIONNAME = "Diego Bustamante";
				TargetAttributes = {
					F3E7F9661F8143E900F6C7B6 = {
						CreatedOnToolsVersion = 8.2.1;
						DevelopmentTeam = XREP97TJKH;
						ProvisioningStyle = Automatic;
					};
				};
			};
			buildConfigurationList = F3E7F9621F8143E900F6C7B6 /* Build configuration list for PBXProject "CourseTracker" */;
			compatibilityVersion = "Xcode 3.2";
			developmentRegion = English;
			hasScannedForEncodings = 0;
			knownRegions = (
				en,
				Base,
			);
			mainGroup = F3E7F95E1F8143E900F6C7B6;
			productRefGroup = F3E7F9681F8143E900F6C7B6 /* Products */;
			projectDirPath = "";
			projectRoot = "";
			targets = (
				F3E7F9661F8143E900F6C7B6 /* CourseTracker */,
			);
		};
/* End PBXProject section */

/* Begin PBXResourcesBuildPhase section */
		F3E7F9651F8143E900F6C7B6 /* Resources */ = {
			isa = PBXResourcesBuildPhase;
			buildActionMask = 2147483647;
			files = (
				F3E7F9751F8143E900F6C7B6 /* LaunchScreen.storyboard in Resources */,
				F3E7F9721F8143E900F6C7B6 /* Assets.xcassets in Resources */,
				F3E7F9701F8143E900F6C7B6 /* Main.storyboard in Resources */,
			);
			runOnlyForDeploymentPostprocessing = 0;
		};
/* End PBXResourcesBuildPhase section */

/* Begin PBXShellScriptBuildPhase section */
		2DFDAA8B4E814AB237FF2E22 /* [CP] Check Pods Manifest.lock */ = {
			isa = PBXShellScriptBuildPhase;
			buildActionMask = 2147483647;
			files = (
			);
			inputPaths = (
				"${PODS_PODFILE_DIR_PATH}/Podfile.lock",
				"${PODS_ROOT}/Manifest.lock",
			);
			name = "[CP] Check Pods Manifest.lock";
			outputPaths = (
				"$(DERIVED_FILE_DIR)/Pods-CourseTracker-checkManifestLockResult.txt",
			);
			runOnlyForDeploymentPostprocessing = 0;
			shellPath = /bin/sh;
			shellScript = "diff \"${PODS_PODFILE_DIR_PATH}/Podfile.lock\" \"${PODS_ROOT}/Manifest.lock\" > /dev/null\nif [ $? != 0 ] ; then\n    # print error to STDERR\n    echo \"error: The sandbox is not in sync with the Podfile.lock. Run 'pod install' or update your CocoaPods installation.\" >&2\n    exit 1\nfi\n# This output is used by Xcode 'outputs' to avoid re-running this script phase.\necho \"SUCCESS\" > \"${SCRIPT_OUTPUT_FILE_0}\"\n";
			showEnvVarsInLog = 0;
		};
		77DD3D3CD190939EDD786E4F /* [CP] Copy Pods Resources */ = {
			isa = PBXShellScriptBuildPhase;
			buildActionMask = 2147483647;
			files = (
			);
			inputPaths = (
			);
			name = "[CP] Copy Pods Resources";
			outputPaths = (
			);
			runOnlyForDeploymentPostprocessing = 0;
			shellPath = /bin/sh;
			shellScript = "\"${SRCROOT}/Pods/Target Support Files/Pods-CourseTracker/Pods-CourseTracker-resources.sh\"\n";
			showEnvVarsInLog = 0;
		};
		80070C4B89A049983F085B54 /* [CP] Embed Pods Frameworks */ = {
			isa = PBXShellScriptBuildPhase;
			buildActionMask = 2147483647;
			files = (
			);
			inputPaths = (
				"${SRCROOT}/Pods/Target Support Files/Pods-CourseTracker/Pods-CourseTracker-frameworks.sh",
				"${BUILT_PRODUCTS_DIR}/lottie-ios/Lottie.framework",
			);
			name = "[CP] Embed Pods Frameworks";
			outputPaths = (
				"${TARGET_BUILD_DIR}/${FRAMEWORKS_FOLDER_PATH}/Lottie.framework",
			);
			runOnlyForDeploymentPostprocessing = 0;
			shellPath = /bin/sh;
			shellScript = "\"${SRCROOT}/Pods/Target Support Files/Pods-CourseTracker/Pods-CourseTracker-frameworks.sh\"\n";
			showEnvVarsInLog = 0;
		};
/* End PBXShellScriptBuildPhase section */

/* Begin PBXSourcesBuildPhase section */
		F3E7F9631F8143E900F6C7B6 /* Sources */ = {
			isa = PBXSourcesBuildPhase;
			buildActionMask = 2147483647;
			files = (
				F3DDB1D21FD6437B00369DCE /* AssignmentCell.swift in Sources */,
				F303B7391F9FD08800DF6B42 /* Courses.swift in Sources */,
				F303B7411FA53DB600DF6B42 /* ViewThree.swift in Sources */,
				F3E7F96D1F8143E900F6C7B6 /* ViewController.swift in Sources */,
				F3E7F96B1F8143E900F6C7B6 /* AppDelegate.swift in Sources */,
				F3DDB1D01FD6431400369DCE /* Assignments.swift in Sources */,
				F327B2511F97FE74003E2956 /* ViewTwo.swift in Sources */,
				F303B73B1F9FD4DC00DF6B42 /* CourseCell.swift in Sources */,
			);
			runOnlyForDeploymentPostprocessing = 0;
		};
/* End PBXSourcesBuildPhase section */

/* Begin PBXVariantGroup section */
		F3E7F96E1F8143E900F6C7B6 /* Main.storyboard */ = {
			isa = PBXVariantGroup;
			children = (
				F3E7F96F1F8143E900F6C7B6 /* Base */,
			);
			name = Main.storyboard;
			sourceTree = "<group>";
		};
		F3E7F9731F8143E900F6C7B6 /* LaunchScreen.storyboard */ = {
			isa = PBXVariantGroup;
			children = (
				F3E7F9741F8143E900F6C7B6 /* Base */,
			);
			name = LaunchScreen.storyboard;
			sourceTree = "<group>";
		};
/* End PBXVariantGroup section */

/* Begin XCBuildConfiguration section */
		F3E7F9771F8143E900F6C7B6 /* Debug */ = {
			isa = XCBuildConfiguration;
			buildSettings = {
				ALWAYS_SEARCH_USER_PATHS = NO;
				CLANG_ANALYZER_NONNULL = YES;
				CLANG_CXX_LANGUAGE_STANDARD = "gnu++0x";
				CLANG_CXX_LIBRARY = "libc++";
				CLANG_ENABLE_MODULES = YES;
				CLANG_ENABLE_OBJC_ARC = YES;
				CLANG_WARN_BOOL_CONVERSION = YES;
				CLANG_WARN_CONSTANT_CONVERSION = YES;
				CLANG_WARN_DIRECT_OBJC_ISA_USAGE = YES_ERROR;
				CLANG_WARN_DOCUMENTATION_COMMENTS = YES;
				CLANG_WARN_EMPTY_BODY = YES;
				CLANG_WARN_ENUM_CONVERSION = YES;
				CLANG_WARN_INFINITE_RECURSION = YES;
				CLANG_WARN_INT_CONVERSION = YES;
				CLANG_WARN_OBJC_ROOT_CLASS = YES_ERROR;
				CLANG_WARN_SUSPICIOUS_MOVE = YES;
				CLANG_WARN_UNREACHABLE_CODE = YES;
				CLANG_WARN__DUPLICATE_METHOD_MATCH = YES;
				"CODE_SIGN_IDENTITY[sdk=iphoneos*]" = "iPhone Developer";
				COPY_PHASE_STRIP = NO;
				DEBUG_INFORMATION_FORMAT = dwarf;
				ENABLE_STRICT_OBJC_MSGSEND = YES;
				ENABLE_TESTABILITY = YES;
				GCC_C_LANGUAGE_STANDARD = gnu99;
				GCC_DYNAMIC_NO_PIC = NO;
				GCC_NO_COMMON_BLOCKS = YES;
				GCC_OPTIMIZATION_LEVEL = 0;
				GCC_PREPROCESSOR_DEFINITIONS = (
					"DEBUG=1",
					"$(inherited)",
				);
				GCC_WARN_64_TO_32_BIT_CONVERSION = YES;
				GCC_WARN_ABOUT_RETURN_TYPE = YES_ERROR;
				GCC_WARN_UNDECLARED_SELECTOR = YES;
				GCC_WARN_UNINITIALIZED_AUTOS = YES_AGGRESSIVE;
				GCC_WARN_UNUSED_FUNCTION = YES;
				GCC_WARN_UNUSED_VARIABLE = YES;
				IPHONEOS_DEPLOYMENT_TARGET = 10.2;
				MTL_ENABLE_DEBUG_INFO = YES;
				ONLY_ACTIVE_ARCH = YES;
				SDKROOT = iphoneos;
				SWIFT_ACTIVE_COMPILATION_CONDITIONS = DEBUG;
				SWIFT_OPTIMIZATION_LEVEL = "-Onone";
			};
			name = Debug;
		};
		F3E7F9781F8143E900F6C7B6 /* Release */ = {
			isa = XCBuildConfiguration;
			buildSettings = {
				ALWAYS_SEARCH_USER_PATHS = NO;
				CLANG_ANALYZER_NONNULL = YES;
				CLANG_CXX_LANGUAGE_STANDARD = "gnu++0x";
				CLANG_CXX_LIBRARY = "libc++";
				CLANG_ENABLE_MODULES = YES;
				CLANG_ENABLE_OBJC_ARC = YES;
				CLANG_WARN_BOOL_CONVERSION = YES;
				CLANG_WARN_CONSTANT_CONVERSION = YES;
				CLANG_WARN_DIRECT_OBJC_ISA_USAGE = YES_ERROR;
				CLANG_WARN_DOCUMENTATION_COMMENTS = YES;
				CLANG_WARN_EMPTY_BODY = YES;
				CLANG_WARN_ENUM_CONVERSION = YES;
				CLANG_WARN_INFINITE_RECURSION = YES;
				CLANG_WARN_INT_CONVERSION = YES;
				CLANG_WARN_OBJC_ROOT_CLASS = YES_ERROR;
				CLANG_WARN_SUSPICIOUS_MOVE = YES;
				CLANG_WARN_UNREACHABLE_CODE = YES;
				CLANG_WARN__DUPLICATE_METHOD_MATCH = YES;
				"CODE_SIGN_IDENTITY[sdk=iphoneos*]" = "iPhone Developer";
				COPY_PHASE_STRIP = NO;
				DEBUG_INFORMATION_FORMAT = "dwarf-with-dsym";
				ENABLE_NS_ASSERTIONS = NO;
				ENABLE_STRICT_OBJC_MSGSEND = YES;
				GCC_C_LANGUAGE_STANDARD = gnu99;
				GCC_NO_COMMON_BLOCKS = YES;
				GCC_WARN_64_TO_32_BIT_CONVERSION = YES;
				GCC_WARN_ABOUT_RETURN_TYPE = YES_ERROR;
				GCC_WARN_UNDECLARED_SELECTOR = YES;
				GCC_WARN_UNINITIALIZED_AUTOS = YES_AGGRESSIVE;
				GCC_WARN_UNUSED_FUNCTION = YES;
				GCC_WARN_UNUSED_VARIABLE = YES;
				IPHONEOS_DEPLOYMENT_TARGET = 10.2;
				MTL_ENABLE_DEBUG_INFO = NO;
				SDKROOT = iphoneos;
				SWIFT_OPTIMIZATION_LEVEL = "-Owholemodule";
				VALIDATE_PRODUCT = YES;
			};
			name = Release;
		};
		F3E7F97A1F8143E900F6C7B6 /* Debug */ = {
			isa = XCBuildConfiguration;
			baseConfigurationReference = EEEFF0711A0F59352E728B8C /* Pods-CourseTracker.debug.xcconfig */;
			buildSettings = {
				ASSETCATALOG_COMPILER_APPICON_NAME = AppIcon;
				DEVELOPMENT_TEAM = XREP97TJKH;
				INFOPLIST_FILE = CourseTracker/Info.plist;
				LD_RUNPATH_SEARCH_PATHS = "$(inherited) @executable_path/Frameworks";
				PRODUCT_BUNDLE_IDENTIFIER = DiegoB.CourseTracker;
				PRODUCT_NAME = "$(TARGET_NAME)";
				SWIFT_VERSION = 3.0;
			};
			name = Debug;
		};
		F3E7F97B1F8143E900F6C7B6 /* Release */ = {
			isa = XCBuildConfiguration;
			baseConfigurationReference = E6FADE0AFBEAA06531F53471 /* Pods-CourseTracker.release.xcconfig */;
			buildSettings = {
				ASSETCATALOG_COMPILER_APPICON_NAME = AppIcon;
				DEVELOPMENT_TEAM = XREP97TJKH;
				INFOPLIST_FILE = CourseTracker/Info.plist;
				LD_RUNPATH_SEARCH_PATHS = "$(inherited) @executable_path/Frameworks";
				PRODUCT_BUNDLE_IDENTIFIER = DiegoB.CourseTracker;
				PRODUCT_NAME = "$(TARGET_NAME)";
				SWIFT_VERSION = 3.0;
			};
			name = Release;
		};
/* End XCBuildConfiguration section */

/* Begin XCConfigurationList section */
		F3E7F9621F8143E900F6C7B6 /* Build configuration list for PBXProject "CourseTracker" */ = {
			isa = XCConfigurationList;
			buildConfigurations = (
				F3E7F9771F8143E900F6C7B6 /* Debug */,
				F3E7F9781F8143E900F6C7B6 /* Release */,
			);
			defaultConfigurationIsVisible = 0;
			defaultConfigurationName = Release;
		};
		F3E7F9791F8143E900F6C7B6 /* Build configuration list for PBXNativeTarget "CourseTracker" */ = {
			isa = XCConfigurationList;
			buildConfigurations = (
				F3E7F97A1F8143E900F6C7B6 /* Debug */,
				F3E7F97B1F8143E900F6C7B6 /* Release */,
			);
			defaultConfigurationIsVisible = 0;
			defaultConfigurationName = Release;
		};
/* End XCConfigurationList section */
	};
	rootObject = F3E7F95F1F8143E900F6C7B6 /* Project object */;
}
